
Microsoft Visual Studio Solution File, Format Version 12.00
# Visual Studio Version 17
VisualStudioVersion = 17.14.36310.24 d17.14
MinimumVisualStudioVersion = 10.0.40219.1
Project("{FAE04EC0-301F-11D3-BF4B-00C04F79EFBC}") = "AIMeetingNotesSummarizer", "AIMeetingNotesSummarizer\AIMeetingNotesSummarizer.csproj", "{21CC291F-4BD3-4D7C-A9DD-F0B4A11D7848}"
EndProject
Global
	GlobalSection(SolutionConfigurationPlatforms) = preSolution
		Debug|Any CPU = Debug|Any CPU
		Release|Any CPU = Release|Any CPU
	EndGlobalSection
	GlobalSection(ProjectConfigurationPlatforms) = postSolution
		{21CC291F-4BD3-4D7C-A9DD-F0B4A11D7848}.Debug|Any CPU.ActiveCfg = Debug|Any CPU
		{21CC291F-4BD3-4D7C-A9DD-F0B4A11D7848}.Debug|Any CPU.Build.0 = Debug|Any CPU
		{21CC291F-4BD3-4D7C-A9DD-F0B4A11D7848}.Release|Any CPU.ActiveCfg = Release|Any CPU
		{21CC291F-4BD3-4D7C-A9DD-F0B4A11D7848}.Release|Any CPU.Build.0 = Release|Any CPU
	EndGlobalSection
	GlobalSection(SolutionProperties) = preSolution
		HideSolutionNode = FALSE
	EndGlobalSection
	GlobalSection(ExtensibilityGlobals) = postSolution
		SolutionGuid = {5BF7F413-B6DD-4F10-A257-CEDC4415CB7E}
	EndGlobalSection
EndGlobal
